// !$*UTF8*$!
{
	archiveVersion = 1;
	classes = {
	};
	objectVersion = 46;
	objects = {

/* Begin PBXBuildFile section */
		7D03E9C51C599FC400EBFE99 /* Datastructure.swift in Sources */ = {isa = PBXBuildFile; fileRef = 7D03E9C41C599FC400EBFE99 /* Datastructure.swift */; };
		7D9B741B1C58C5B200457A97 /* FirstPageOneLine.swift in Sources */ = {isa = PBXBuildFile; fileRef = 7D9B741A1C58C5B200457A97 /* FirstPageOneLine.swift */; };
		7D9B741D1C58C5E200457A97 /* SecondPageOneLine.swift in Sources */ = {isa = PBXBuildFile; fileRef = 7D9B741C1C58C5E200457A97 /* SecondPageOneLine.swift */; };
		7D9B741F1C58C60D00457A97 /* SelecedPage.swift in Sources */ = {isa = PBXBuildFile; fileRef = 7D9B741E1C58C60D00457A97 /* SelecedPage.swift */; };
		7D9E03F91C556CCA0049BD36 /* AppDelegate.swift in Sources */ = {isa = PBXBuildFile; fileRef = 7D9E03F81C556CCA0049BD36 /* AppDelegate.swift */; };
		7D9E03FB1C556CCA0049BD36 /* FirstPage.swift in Sources */ = {isa = PBXBuildFile; fileRef = 7D9E03FA1C556CCA0049BD36 /* FirstPage.swift */; };
		7D9E03FE1C556CCA0049BD36 /* Main.storyboard in Resources */ = {isa = PBXBuildFile; fileRef = 7D9E03FC1C556CCA0049BD36 /* Main.storyboard */; };
		7D9E04001C556CCA0049BD36 /* Assets.xcassets in Resources */ = {isa = PBXBuildFile; fileRef = 7D9E03FF1C556CCA0049BD36 /* Assets.xcassets */; };
		7D9E04031C556CCA0049BD36 /* LaunchScreen.storyboard in Resources */ = {isa = PBXBuildFile; fileRef = 7D9E04011C556CCA0049BD36 /* LaunchScreen.storyboard */; };
		7D9E040E1C556CCA0049BD36 /* CRCTests.swift in Sources */ = {isa = PBXBuildFile; fileRef = 7D9E040D1C556CCA0049BD36 /* CRCTests.swift */; };
		7D9E04191C556CCA0049BD36 /* CRCUITests.swift in Sources */ = {isa = PBXBuildFile; fileRef = 7D9E04181C556CCA0049BD36 /* CRCUITests.swift */; };
		7D9E04271C556EAC0049BD36 /* SecondPage.swift in Sources */ = {isa = PBXBuildFile; fileRef = 7D9E04261C556EAC0049BD36 /* SecondPage.swift */; };
		7D9E04291C556ED80049BD36 /* ThirdPage.swift in Sources */ = {isa = PBXBuildFile; fileRef = 7D9E04281C556ED80049BD36 /* ThirdPage.swift */; };
/* End PBXBuildFile section */

/* Begin PBXContainerItemProxy section */
		7D9E040A1C556CCA0049BD36 /* PBXContainerItemProxy */ = {
			isa = PBXContainerItemProxy;
			containerPortal = 7D9E03ED1C556CCA0049BD36 /* Project object */;
			proxyType = 1;
			remoteGlobalIDString = 7D9E03F41C556CCA0049BD36;
			remoteInfo = CRC;
		};
		7D9E04151C556CCA0049BD36 /* PBXContainerItemProxy */ = {
			isa = PBXContainerItemProxy;
			containerPortal = 7D9E03ED1C556CCA0049BD36 /* Project object */;
			proxyType = 1;
			remoteGlobalIDString = 7D9E03F41C556CCA0049BD36;
			remoteInfo = CRC;
		};
/* End PBXContainerItemProxy section */

/* Begin PBXFileReference section */
		7D03E9C41C599FC400EBFE99 /* Datastructure.swift */ = {isa = PBXFileReference; fileEncoding = 4; lastKnownFileType = sourcecode.swift; path = Datastructure.swift; sourceTree = "<group>"; };
		7D9B741A1C58C5B200457A97 /* FirstPageOneLine.swift */ = {isa = PBXFileReference; fileEncoding = 4; lastKnownFileType = sourcecode.swift; path = FirstPageOneLine.swift; sourceTree = "<group>"; };
		7D9B741C1C58C5E200457A97 /* SecondPageOneLine.swift */ = {isa = PBXFileReference; fileEncoding = 4; lastKnownFileType = sourcecode.swift; path = SecondPageOneLine.swift; sourceTree = "<group>"; };
		7D9B741E1C58C60D00457A97 /* SelecedPage.swift */ = {isa = PBXFileReference; fileEncoding = 4; lastKnownFileType = sourcecode.swift; path = SelecedPage.swift; sourceTree = "<group>"; };
		7D9E03F51C556CCA0049BD36 /* CRC.app */ = {isa = PBXFileReference; explicitFileType = wrapper.application; includeInIndex = 0; path = CRC.app; sourceTree = BUILT_PRODUCTS_DIR; };
		7D9E03F81C556CCA0049BD36 /* AppDelegate.swift */ = {isa = PBXFileReference; lastKnownFileType = sourcecode.swift; path = AppDelegate.swift; sourceTree = "<group>"; };
		7D9E03FA1C556CCA0049BD36 /* FirstPage.swift */ = {isa = PBXFileReference; lastKnownFileType = sourcecode.swift; path = FirstPage.swift; sourceTree = "<group>"; };
		7D9E03FD1C556CCA0049BD36 /* Base */ = {isa = PBXFileReference; lastKnownFileType = file.storyboard; name = Base; path = Base.lproj/Main.storyboard; sourceTree = "<group>"; };
		7D9E03FF1C556CCA0049BD36 /* Assets.xcassets */ = {isa = PBXFileReference; lastKnownFileType = folder.assetcatalog; path = Assets.xcassets; sourceTree = "<group>"; };
		7D9E04021C556CCA0049BD36 /* Base */ = {isa = PBXFileReference; lastKnownFileType = file.storyboard; name = Base; path = Base.lproj/LaunchScreen.storyboard; sourceTree = "<group>"; };
		7D9E04041C556CCA0049BD36 /* Info.plist */ = {isa = PBXFileReference; lastKnownFileType = text.plist.xml; path = Info.plist; sourceTree = "<group>"; };
		7D9E04091C556CCA0049BD36 /* CRCTests.xctest */ = {isa = PBXFileReference; explicitFileType = wrapper.cfbundle; includeInIndex = 0; path = CRCTests.xctest; sourceTree = BUILT_PRODUCTS_DIR; };
		7D9E040D1C556CCA0049BD36 /* CRCTests.swift */ = {isa = PBXFileReference; lastKnownFileType = sourcecode.swift; path = CRCTests.swift; sourceTree = "<group>"; };
		7D9E040F1C556CCA0049BD36 /* Info.plist */ = {isa = PBXFileReference; lastKnownFileType = text.plist.xml; path = Info.plist; sourceTree = "<group>"; };
		7D9E04141C556CCA0049BD36 /* CRCUITests.xctest */ = {isa = PBXFileReference; explicitFileType = wrapper.cfbundle; includeInIndex = 0; path = CRCUITests.xctest; sourceTree = BUILT_PRODUCTS_DIR; };
		7D9E04181C556CCA0049BD36 /* CRCUITests.swift */ = {isa = PBXFileReference; lastKnownFileType = sourcecode.swift; path = CRCUITests.swift; sourceTree = "<group>"; };
		7D9E041A1C556CCA0049BD36 /* Info.plist */ = {isa = PBXFileReference; lastKnownFileType = text.plist.xml; path = Info.plist; sourceTree = "<group>"; };
		7D9E04261C556EAC0049BD36 /* SecondPage.swift */ = {isa = PBXFileReference; fileEncoding = 4; lastKnownFileType = sourcecode.swift; path = SecondPage.swift; sourceTree = "<group>"; };
		7D9E04281C556ED80049BD36 /* ThirdPage.swift */ = {isa = PBXFileReference; fileEncoding = 4; lastKnownFileType = sourcecode.swift; path = ThirdPage.swift; sourceTree = "<group>"; };
/* End PBXFileReference section */

/* Begin PBXFrameworksBuildPhase section */
		7D9E03F21C556CCA0049BD36 /* Frameworks */ = {
			isa = PBXFrameworksBuildPhase;
			buildActionMask = 2147483647;
			files = (
			);
			runOnlyForDeploymentPostprocessing = 0;
		};
		7D9E04061C556CCA0049BD36 /* Frameworks */ = {
			isa = PBXFrameworksBuildPhase;
			buildActionMask = 2147483647;
			files = (
			);
			runOnlyForDeploymentPostprocessing = 0;
		};
		7D9E04111C556CCA0049BD36 /* Frameworks */ = {
			isa = PBXFrameworksBuildPhase;
			buildActionMask = 2147483647;
			files = (
			);
			runOnlyForDeploymentPostprocessing = 0;
		};
/* End PBXFrameworksBuildPhase section */

/* Begin PBXGroup section */
		7D9E03EC1C556CCA0049BD36 = {
			isa = PBXGroup;
			children = (
				7D9E03F71C556CCA0049BD36 /* CRC */,
				7D9E040C1C556CCA0049BD36 /* CRCTests */,
				7D9E04171C556CCA0049BD36 /* CRCUITests */,
				7D9E03F61C556CCA0049BD36 /* Products */,
			);
			sourceTree = "<group>";
		};
		7D9E03F61C556CCA0049BD36 /* Products */ = {
			isa = PBXGroup;
			children = (
				7D9E03F51C556CCA0049BD36 /* CRC.app */,
				7D9E04091C556CCA0049BD36 /* CRCTests.xctest */,
				7D9E04141C556CCA0049BD36 /* CRCUITests.xctest */,
			);
			name = Products;
			sourceTree = "<group>";
		};
		7D9E03F71C556CCA0049BD36 /* CRC */ = {
			isa = PBXGroup;
			children = (
				7D9E03F81C556CCA0049BD36 /* AppDelegate.swift */,
				7D9E03FA1C556CCA0049BD36 /* FirstPage.swift */,
				7D9E03FC1C556CCA0049BD36 /* Main.storyboard */,
				7D03E9C41C599FC400EBFE99 /* Datastructure.swift */,
				7D9B741A1C58C5B200457A97 /* FirstPageOneLine.swift */,
				7D9B741C1C58C5E200457A97 /* SecondPageOneLine.swift */,
				7D9B741E1C58C60D00457A97 /* SelecedPage.swift */,
				7D9E04281C556ED80049BD36 /* ThirdPage.swift */,
				7D9E04261C556EAC0049BD36 /* SecondPage.swift */,
				7D9E03FF1C556CCA0049BD36 /* Assets.xcassets */,
				7D9E04011C556CCA0049BD36 /* LaunchScreen.storyboard */,
				7D9E04041C556CCA0049BD36 /* Info.plist */,
			);
			path = CRC;
			sourceTree = "<group>";
		};
		7D9E040C1C556CCA0049BD36 /* CRCTests */ = {
			isa = PBXGroup;
			children = (
				7D9E040D1C556CCA0049BD36 /* CRCTests.swift */,
				7D9E040F1C556CCA0049BD36 /* Info.plist */,
			);
			path = CRCTests;
			sourceTree = "<group>";
		};
		7D9E04171C556CCA0049BD36 /* CRCUITests */ = {
			isa = PBXGroup;
			children = (
				7D9E04181C556CCA0049BD36 /* CRCUITests.swift */,
				7D9E041A1C556CCA0049BD36 /* Info.plist */,
			);
			path = CRCUITests;
			sourceTree = "<group>";
		};
/* End PBXGroup section */

/* Begin PBXNativeTarget section */
		7D9E03F41C556CCA0049BD36 /* CRC */ = {
			isa = PBXNativeTarget;
			buildConfigurationList = 7D9E041D1C556CCA0049BD36 /* Build configuration list for PBXNativeTarget "CRC" */;
			buildPhases = (
				7D9E03F11C556CCA0049BD36 /* Sources */,
				7D9E03F21C556CCA0049BD36 /* Frameworks */,
				7D9E03F31C556CCA0049BD36 /* Resources */,
			);
			buildRules = (
			);
			dependencies = (
			);
			name = CRC;
			productName = CRC;
			productReference = 7D9E03F51C556CCA0049BD36 /* CRC.app */;
			productType = "com.apple.product-type.application";
		};
		7D9E04081C556CCA0049BD36 /* CRCTests */ = {
			isa = PBXNativeTarget;
			buildConfigurationList = 7D9E04201C556CCA0049BD36 /* Build configuration list for PBXNativeTarget "CRCTests" */;
			buildPhases = (
				7D9E04051C556CCA0049BD36 /* Sources */,
				7D9E04061C556CCA0049BD36 /* Frameworks */,
				7D9E04071C556CCA0049BD36 /* Resources */,
			);
			buildRules = (
			);
			dependencies = (
				7D9E040B1C556CCA0049BD36 /* PBXTargetDependency */,
			);
			name = CRCTests;
			productName = CRCTests;
			productReference = 7D9E04091C556CCA0049BD36 /* CRCTests.xctest */;
			productType = "com.apple.product-type.bundle.unit-test";
		};
		7D9E04131C556CCA0049BD36 /* CRCUITests */ = {
			isa = PBXNativeTarget;
			buildConfigurationList = 7D9E04231C556CCA0049BD36 /* Build configuration list for PBXNativeTarget "CRCUITests" */;
			buildPhases = (
				7D9E04101C556CCA0049BD36 /* Sources */,
				7D9E04111C556CCA0049BD36 /* Frameworks */,
				7D9E04121C556CCA0049BD36 /* Resources */,
			);
			buildRules = (
			);
			dependencies = (
				7D9E04161C556CCA0049BD36 /* PBXTargetDependency */,
			);
			name = CRCUITests;
			productName = CRCUITests;
			productReference = 7D9E04141C556CCA0049BD36 /* CRCUITests.xctest */;
			productType = "com.apple.product-type.bundle.ui-testing";
		};
/* End PBXNativeTarget section */

/* Begin PBXProject section */
		7D9E03ED1C556CCA0049BD36 /* Project object */ = {
			isa = PBXProject;
			attributes = {
				LastSwiftUpdateCheck = 0710;
				LastUpgradeCheck = 0710;
				ORGANIZATIONNAME = "de.beuth-hochschule";
				TargetAttributes = {
					7D9E03F41C556CCA0049BD36 = {
						CreatedOnToolsVersion = 7.1;
					};
					7D9E04081C556CCA0049BD36 = {
						CreatedOnToolsVersion = 7.1;
						TestTargetID = 7D9E03F41C556CCA0049BD36;
					};
					7D9E04131C556CCA0049BD36 = {
						CreatedOnToolsVersion = 7.1;
						TestTargetID = 7D9E03F41C556CCA0049BD36;
					};
				};
			};
			buildConfigurationList = 7D9E03F01C556CCA0049BD36 /* Build configuration list for PBXProject "CRC" */;
			compatibilityVersion = "Xcode 3.2";
			developmentRegion = English;
			hasScannedForEncodings = 0;
			knownRegions = (
				en,
				Base,
			);
			mainGroup = 7D9E03EC1C556CCA0049BD36;
			productRefGroup = 7D9E03F61C556CCA0049BD36 /* Products */;
			projectDirPath = "";
			projectRoot = "";
			targets = (
				7D9E03F41C556CCA0049BD36 /* CRC */,
				7D9E04081C556CCA0049BD36 /* CRCTests */,
				7D9E04131C556CCA0049BD36 /* CRCUITests */,
			);
		};
/* End PBXProject section */

/* Begin PBXResourcesBuildPhase section */
		7D9E03F31C556CCA0049BD36 /* Resources */ = {
			isa = PBXResourcesBuildPhase;
			buildActionMask = 2147483647;
			files = (
				7D9E04031C556CCA0049BD36 /* LaunchScreen.storyboard in Resources */,
				7D9E04001C556CCA0049BD36 /* Assets.xcassets in Resources */,
				7D9E03FE1C556CCA0049BD36 /* Main.storyboard in Resources */,
			);
			runOnlyForDeploymentPostprocessing = 0;
		};
		7D9E04071C556CCA0049BD36 /* Resources */ = {
			isa = PBXResourcesBuildPhase;
			buildActionMask = 2147483647;
			files = (
			);
			runOnlyForDeploymentPostprocessing = 0;
		};
		7D9E04121C556CCA0049BD36 /* Resources */ = {
			isa = PBXResourcesBuildPhase;
			buildActionMask = 2147483647;
			files = (
			);
			runOnlyForDeploymentPostprocessing = 0;
		};
/* End PBXResourcesBuildPhase section */

/* Begin PBXSourcesBuildPhase section */
		7D9E03F11C556CCA0049BD36 /* Sources */ = {
			isa = PBXSourcesBuildPhase;
			buildActionMask = 2147483647;
			files = (
				7D9E03FB1C556CCA0049BD36 /* FirstPage.swift in Sources */,
				7D03E9C51C599FC400EBFE99 /* Datastructure.swift in Sources */,
				7D9B741D1C58C5E200457A97 /* SecondPageOneLine.swift in Sources */,
				7D9E03F91C556CCA0049BD36 /* AppDelegate.swift in Sources */,
				7D9E04291C556ED80049BD36 /* ThirdPage.swift in Sources */,
				7D9E04271C556EAC0049BD36 /* SecondPage.swift in Sources */,
				7D9B741B1C58C5B200457A97 /* FirstPageOneLine.swift in Sources */,
				7D9B741F1C58C60D00457A97 /* SelecedPage.swift in Sources */,
			);
			runOnlyForDeploymentPostprocessing = 0;
		};
		7D9E04051C556CCA0049BD36 /* Sources */ = {
			isa = PBXSourcesBuildPhase;
			buildActionMask = 2147483647;
			files = (
				7D9E040E1C556CCA0049BD36 /* CRCTests.swift in Sources */,
			);
			runOnlyForDeploymentPostprocessing = 0;
		};
		7D9E04101C556CCA0049BD36 /* Sources */ = {
			isa = PBXSourcesBuildPhase;
			buildActionMask = 2147483647;
			files = (
				7D9E04191C556CCA0049BD36 /* CRCUITests.swift in Sources */,
			);
			runOnlyForDeploymentPostprocessing = 0;
		};
/* End PBXSourcesBuildPhase section */

/* Begin PBXTargetDependency section */
		7D9E040B1C556CCA0049BD36 /* PBXTargetDependency */ = {
			isa = PBXTargetDependency;
			target = 7D9E03F41C556CCA0049BD36 /* CRC */;
			targetProxy = 7D9E040A1C556CCA0049BD36 /* PBXContainerItemProxy */;
		};
		7D9E04161C556CCA0049BD36 /* PBXTargetDependency */ = {
			isa = PBXTargetDependency;
			target = 7D9E03F41C556CCA0049BD36 /* CRC */;
			targetProxy = 7D9E04151C556CCA0049BD36 /* PBXContainerItemProxy */;
		};
/* End PBXTargetDependency section */

/* Begin PBXVariantGroup section */
		7D9E03FC1C556CCA0049BD36 /* Main.storyboard */ = {
			isa = PBXVariantGroup;
			children = (
				7D9E03FD1C556CCA0049BD36 /* Base */,
			);
			name = Main.storyboard;
			sourceTree = "<group>";
		};
		7D9E04011C556CCA0049BD36 /* LaunchScreen.storyboard */ = {
			isa = PBXVariantGroup;
			children = (
				7D9E04021C556CCA0049BD36 /* Base */,
			);
			name = LaunchScreen.storyboard;
			sourceTree = "<group>";
		};
/* End PBXVariantGroup section */

/* Begin XCBuildConfiguration section */
		7D9E041B1C556CCA0049BD36 /* Debug */ = {
			isa = XCBuildConfiguration;
			buildSettings = {
				ALWAYS_SEARCH_USER_PATHS = NO;
				CLANG_CXX_LANGUAGE_STANDARD = "gnu++0x";
				CLANG_CXX_LIBRARY = "libc++";
				CLANG_ENABLE_MODULES = YES;
				CLANG_ENABLE_OBJC_ARC = YES;
				CLANG_WARN_BOOL_CONVERSION = YES;
				CLANG_WARN_CONSTANT_CONVERSION = YES;
				CLANG_WARN_DIRECT_OBJC_ISA_USAGE = YES_ERROR;
				CLANG_WARN_EMPTY_BODY = YES;
				CLANG_WARN_ENUM_CONVERSION = YES;
				CLANG_WARN_INT_CONVERSION = YES;
				CLANG_WARN_OBJC_ROOT_CLASS = YES_ERROR;
				CLANG_WARN_UNREACHABLE_CODE = YES;
				CLANG_WARN__DUPLICATE_METHOD_MATCH = YES;
				"CODE_SIGN_IDENTITY[sdk=iphoneos*]" = "iPhone Developer";
				COPY_PHASE_STRIP = NO;
				DEBUG_INFORMATION_FORMAT = dwarf;
				ENABLE_STRICT_OBJC_MSGSEND = YES;
				ENABLE_TESTABILITY = YES;
				GCC_C_LANGUAGE_STANDARD = gnu99;
				GCC_DYNAMIC_NO_PIC = NO;
				GCC_NO_COMMON_BLOCKS = YES;
				GCC_OPTIMIZATION_LEVEL = 0;
				GCC_PREPROCESSOR_DEFINITIONS = (
					"DEBUG=1",
					"$(inherited)",
				);
				GCC_WARN_64_TO_32_BIT_CONVERSION = YES;
				GCC_WARN_ABOUT_RETURN_TYPE = YES_ERROR;
				GCC_WARN_UNDECLARED_SELECTOR = YES;
				GCC_WARN_UNINITIALIZED_AUTOS = YES_AGGRESSIVE;
				GCC_WARN_UNUSED_FUNCTION = YES;
				GCC_WARN_UNUSED_VARIABLE = YES;
				IPHONEOS_DEPLOYMENT_TARGET = 9.1;
				MTL_ENABLE_DEBUG_INFO = YES;
				ONLY_ACTIVE_ARCH = YES;
				SDKROOT = iphoneos;
				SWIFT_OPTIMIZATION_LEVEL = "-Onone";
				TARGETED_DEVICE_FAMILY = "1,2";
			};
			name = Debug;
		};
		7D9E041C1C556CCA0049BD36 /* Release */ = {
			isa = XCBuildConfiguration;
			buildSettings = {
				ALWAYS_SEARCH_USER_PATHS = NO;
				CLANG_CXX_LANGUAGE_STANDARD = "gnu++0x";
				CLANG_CXX_LIBRARY = "libc++";
				CLANG_ENABLE_MODULES = YES;
				CLANG_ENABLE_OBJC_ARC = YES;
				CLANG_WARN_BOOL_CONVERSION = YES;
				CLANG_WARN_CONSTANT_CONVERSION = YES;
				CLANG_WARN_DIRECT_OBJC_ISA_USAGE = YES_ERROR;
				CLANG_WARN_EMPTY_BODY = YES;
				CLANG_WARN_ENUM_CONVERSION = YES;
				CLANG_WARN_INT_CONVERSION = YES;
				CLANG_WARN_OBJC_ROOT_CLASS = YES_ERROR;
				CLANG_WARN_UNREACHABLE_CODE = YES;
				CLANG_WARN__DUPLICATE_METHOD_MATCH = YES;
				"CODE_SIGN_IDENTITY[sdk=iphoneos*]" = "iPhone Developer";
				COPY_PHASE_STRIP = NO;
				DEBUG_INFORMATION_FORMAT = "dwarf-with-dsym";
				ENABLE_NS_ASSERTIONS = NO;
				ENABLE_STRICT_OBJC_MSGSEND = YES;
				GCC_C_LANGUAGE_STANDARD = gnu99;
				GCC_NO_COMMON_BLOCKS = YES;
				GCC_WARN_64_TO_32_BIT_CONVERSION = YES;
				GCC_WARN_ABOUT_RETURN_TYPE = YES_ERROR;
				GCC_WARN_UNDECLARED_SELECTOR = YES;
				GCC_WARN_UNINITIALIZED_AUTOS = YES_AGGRESSIVE;
				GCC_WARN_UNUSED_FUNCTION = YES;
				GCC_WARN_UNUSED_VARIABLE = YES;
				IPHONEOS_DEPLOYMENT_TARGET = 9.1;
				MTL_ENABLE_DEBUG_INFO = NO;
				SDKROOT = iphoneos;
				TARGETED_DEVICE_FAMILY = "1,2";
				VALIDATE_PRODUCT = YES;
			};
			name = Release;
		};
		7D9E041E1C556CCA0049BD36 /* Debug */ = {
			isa = XCBuildConfiguration;
			buildSettings = {
				ASSETCATALOG_COMPILER_APPICON_NAME = AppIcon;
				INFOPLIST_FILE = CRC/Info.plist;
				LD_RUNPATH_SEARCH_PATHS = "$(inherited) @executable_path/Frameworks";
				PRODUCT_BUNDLE_IDENTIFIER = "de.beuth-hochschule.CRC";
				PRODUCT_NAME = "$(TARGET_NAME)";
			};
			name = Debug;
		};
		7D9E041F1C556CCA0049BD36 /* Release */ = {
			isa = XCBuildConfiguration;
			buildSettings = {
				ASSETCATALOG_COMPILER_APPICON_NAME = AppIcon;
				INFOPLIST_FILE = CRC/Info.plist;
				LD_RUNPATH_SEARCH_PATHS = "$(inherited) @executable_path/Frameworks";
				PRODUCT_BUNDLE_IDENTIFIER = "de.beuth-hochschule.CRC";
				PRODUCT_NAME = "$(TARGET_NAME)";
			};
			name = Release;
		};
		7D9E04211C556CCA0049BD36 /* Debug */ = {
			isa = XCBuildConfiguration;
			buildSettings = {
				BUNDLE_LOADER = "$(TEST_HOST)";
				INFOPLIST_FILE = CRCTests/Info.plist;
				LD_RUNPATH_SEARCH_PATHS = "$(inherited) @executable_path/Frameworks @loader_path/Frameworks";
				PRODUCT_BUNDLE_IDENTIFIER = "de.beuth-hochschule.CRCTests";
				PRODUCT_NAME = "$(TARGET_NAME)";
				TEST_HOST = "$(BUILT_PRODUCTS_DIR)/CRC.app/CRC";
			};
			name = Debug;
		};
		7D9E04221C556CCA0049BD36 /* Release */ = {
			isa = XCBuildConfiguration;
			buildSettings = {
				BUNDLE_LOADER = "$(TEST_HOST)";
				INFOPLIST_FILE = CRCTests/Info.plist;
				LD_RUNPATH_SEARCH_PATHS = "$(inherited) @executable_path/Frameworks @loader_path/Frameworks";
				PRODUCT_BUNDLE_IDENTIFIER = "de.beuth-hochschule.CRCTests";
				PRODUCT_NAME = "$(TARGET_NAME)";
				TEST_HOST = "$(BUILT_PRODUCTS_DIR)/CRC.app/CRC";
			};
			name = Release;
		};
		7D9E04241C556CCA0049BD36 /* Debug */ = {
			isa = XCBuildConfiguration;
			buildSettings = {
				INFOPLIST_FILE = CRCUITests/Info.plist;
				LD_RUNPATH_SEARCH_PATHS = "$(inherited) @executable_path/Frameworks @loader_path/Frameworks";
				PRODUCT_BUNDLE_IDENTIFIER = "de.beuth-hochschule.CRCUITests";
				PRODUCT_NAME = "$(TARGET_NAME)";
				TEST_TARGET_NAME = CRC;
				USES_XCTRUNNER = YES;
			};
			name = Debug;
		};
		7D9E04251C556CCA0049BD36 /* Release */ = {
			isa = XCBuildConfiguration;
			buildSettings = {
				INFOPLIST_FILE = CRCUITests/Info.plist;
				LD_RUNPATH_SEARCH_PATHS = "$(inherited) @executable_path/Frameworks @loader_path/Frameworks";
				PRODUCT_BUNDLE_IDENTIFIER = "de.beuth-hochschule.CRCUITests";
				PRODUCT_NAME = "$(TARGET_NAME)";
				TEST_TARGET_NAME = CRC;
				USES_XCTRUNNER = YES;
			};
			name = Release;
		};
/* End XCBuildConfiguration section */

/* Begin XCConfigurationList section */
		7D9E03F01C556CCA0049BD36 /* Build configuration list for PBXProject "CRC" */ = {
			isa = XCConfigurationList;
			buildConfigurations = (
				7D9E041B1C556CCA0049BD36 /* Debug */,
				7D9E041C1C556CCA0049BD36 /* Release */,
			);
			defaultConfigurationIsVisible = 0;
			defaultConfigurationName = Release;
		};
		7D9E041D1C556CCA0049BD36 /* Build configuration list for PBXNativeTarget "CRC" */ = {
			isa = XCConfigurationList;
			buildConfigurations = (
				7D9E041E1C556CCA0049BD36 /* Debug */,
				7D9E041F1C556CCA0049BD36 /* Release */,
			);
			defaultConfigurationIsVisible = 0;
			defaultConfigurationName = Release;
		};
		7D9E04201C556CCA0049BD36 /* Build configuration list for PBXNativeTarget "CRCTests" */ = {
			isa = XCConfigurationList;
			buildConfigurations = (
				7D9E04211C556CCA0049BD36 /* Debug */,
				7D9E04221C556CCA0049BD36 /* Release */,
			);
			defaultConfigurationIsVisible = 0;
			defaultConfigurationName = Release;
		};
		7D9E04231C556CCA0049BD36 /* Build configuration list for PBXNativeTarget "CRCUITests" */ = {
			isa = XCConfigurationList;
			buildConfigurations = (
				7D9E04241C556CCA0049BD36 /* Debug */,
				7D9E04251C556CCA0049BD36 /* Release */,
			);
			defaultConfigurationIsVisible = 0;
			defaultConfigurationName = Release;
		};
/* End XCConfigurationList section */
	};
	rootObject = 7D9E03ED1C556CCA0049BD36 /* Project object */;
}
